Microsoft Visual Studio Solution File, Format Version 12.00
# Visual Studio 2012
Project("{FAE04EC0-301F-11D3-BF4B-00C04F79EFBC}") = "Test", "Test.csproj", "{DBFE0EEC-1B46-413E-AB5E-615313D9A1F2}"
EndProject
Global
	GlobalSection(SolutionConfigurationPlatforms) = preSolution
	Debug|Any CPU = Debug|Any CPU
	ExportDebug|Any CPU = ExportDebug|Any CPU
	ExportRelease|Any CPU = ExportRelease|Any CPU
	EndGlobalSection
	GlobalSection(ProjectConfigurationPlatforms) = postSolution
		{DBFE0EEC-1B46-413E-AB5E-615313D9A1F2}.Debug|Any CPU.ActiveCfg = Debug|Any CPU
		{DBFE0EEC-1B46-413E-AB5E-615313D9A1F2}.Debug|Any CPU.Build.0 = Debug|Any CPU
		{DBFE0EEC-1B46-413E-AB5E-615313D9A1F2}.ExportDebug|Any CPU.ActiveCfg = ExportDebug|Any CPU
		{DBFE0EEC-1B46-413E-AB5E-615313D9A1F2}.ExportDebug|Any CPU.Build.0 = ExportDebug|Any CPU
		{DBFE0EEC-1B46-413E-AB5E-615313D9A1F2}.ExportRelease|Any CPU.ActiveCfg = ExportRelease|Any CPU
		{DBFE0EEC-1B46-413E-AB5E-615313D9A1F2}.ExportRelease|Any CPU.Build.0 = ExportRelease|Any CPU
	EndGlobalSection
EndGlobal
